// !$*UTF8*$!
{
	archiveVersion = 1;
	classes = {
	};
	objectVersion = 46;
	objects = {

/* Begin PBXBuildFile section */
		872E26851AF55A1E0020B3D6 /* common_tcp_socket.cpp in Sources */ = {isa = PBXBuildFile; fileRef = 872E26831AF55A1E0020B3D6 /* common_tcp_socket.cpp */; };
		872E26881AF55A3A0020B3D6 /* server_socket.cpp in Sources */ = {isa = PBXBuildFile; fileRef = 872E26861AF55A3A0020B3D6 /* server_socket.cpp */; };
		872E26B91AF59E910020B3D6 /* client_socket.cpp in Sources */ = {isa = PBXBuildFile; fileRef = 872E26B71AF59E910020B3D6 /* client_socket.cpp */; };
		875D4C6B1B01C96800B1FF81 /* common_thread.cpp in Sources */ = {isa = PBXBuildFile; fileRef = 875D4C691B01C96800B1FF81 /* common_thread.cpp */; };
		875D4C6E1B022CA100B1FF81 /* server_thread.cpp in Sources */ = {isa = PBXBuildFile; fileRef = 875D4C6C1B022CA100B1FF81 /* server_thread.cpp */; };
		8777B5731AF54D55008E8481 /* server_main.cpp in Sources */ = {isa = PBXBuildFile; fileRef = 8777B5721AF54D55008E8481 /* server_main.cpp */; };
		8777B5751AF54D71008E8481 /* client_main.cpp in Sources */ = {isa = PBXBuildFile; fileRef = 8777B5741AF54D71008E8481 /* client_main.cpp */; };
/* End PBXBuildFile section */

/* Begin PBXCopyFilesBuildPhase section */
		8777B5631AF48EF5008E8481 /* CopyFiles */ = {
			isa = PBXCopyFilesBuildPhase;
			buildActionMask = 2147483647;
			dstPath = /usr/share/man/man1/;
			dstSubfolderSpec = 0;
			files = (
			);
			runOnlyForDeploymentPostprocessing = 1;
		};
/* End PBXCopyFilesBuildPhase section */

/* Begin PBXFileReference section */
		872E26831AF55A1E0020B3D6 /* common_tcp_socket.cpp */ = {isa = PBXFileReference; fileEncoding = 4; lastKnownFileType = sourcecode.cpp.cpp; path = common_tcp_socket.cpp; sourceTree = "<group>"; };
		872E26841AF55A1E0020B3D6 /* common_tcp_socket.h */ = {isa = PBXFileReference; fileEncoding = 4; lastKnownFileType = sourcecode.c.h; path = common_tcp_socket.h; sourceTree = "<group>"; };
		872E26861AF55A3A0020B3D6 /* server_socket.cpp */ = {isa = PBXFileReference; fileEncoding = 4; lastKnownFileType = sourcecode.cpp.cpp; path = server_socket.cpp; sourceTree = "<group>"; };
		872E26871AF55A3A0020B3D6 /* server_socket.h */ = {isa = PBXFileReference; fileEncoding = 4; lastKnownFileType = sourcecode.c.h; path = server_socket.h; sourceTree = "<group>"; };
		872E26B71AF59E910020B3D6 /* client_socket.cpp */ = {isa = PBXFileReference; fileEncoding = 4; lastKnownFileType = sourcecode.cpp.cpp; path = client_socket.cpp; sourceTree = "<group>"; };
		872E26B81AF59E910020B3D6 /* client_socket.h */ = {isa = PBXFileReference; fileEncoding = 4; lastKnownFileType = sourcecode.c.h; path = client_socket.h; sourceTree = "<group>"; };
		875D4C691B01C96800B1FF81 /* common_thread.cpp */ = {isa = PBXFileReference; fileEncoding = 4; lastKnownFileType = sourcecode.cpp.cpp; path = common_thread.cpp; sourceTree = "<group>"; };
		875D4C6A1B01C96800B1FF81 /* common_thread.h */ = {isa = PBXFileReference; fileEncoding = 4; lastKnownFileType = sourcecode.c.h; path = common_thread.h; sourceTree = "<group>"; };
		875D4C6C1B022CA100B1FF81 /* server_thread.cpp */ = {isa = PBXFileReference; fileEncoding = 4; lastKnownFileType = sourcecode.cpp.cpp; path = server_thread.cpp; sourceTree = "<group>"; };
		875D4C6D1B022CA100B1FF81 /* server_thread.h */ = {isa = PBXFileReference; fileEncoding = 4; lastKnownFileType = sourcecode.c.h; path = server_thread.h; sourceTree = "<group>"; };
		8777B5651AF48EF5008E8481 /* TP2 - Restaurantes */ = {isa = PBXFileReference; explicitFileType = "compiled.mach-o.executable"; includeInIndex = 0; path = "TP2 - Restaurantes"; sourceTree = BUILT_PRODUCTS_DIR; };
		8777B5721AF54D55008E8481 /* server_main.cpp */ = {isa = PBXFileReference; fileEncoding = 4; lastKnownFileType = sourcecode.cpp.cpp; path = server_main.cpp; sourceTree = "<group>"; };
		8777B5741AF54D71008E8481 /* client_main.cpp */ = {isa = PBXFileReference; fileEncoding = 4; lastKnownFileType = sourcecode.cpp.cpp; path = client_main.cpp; sourceTree = "<group>"; };
/* End PBXFileReference section */

/* Begin PBXFrameworksBuildPhase section */
		8777B5621AF48EF5008E8481 /* Frameworks */ = {
			isa = PBXFrameworksBuildPhase;
			buildActionMask = 2147483647;
			files = (
			);
			runOnlyForDeploymentPostprocessing = 0;
		};
/* End PBXFrameworksBuildPhase section */

/* Begin PBXGroup section */
		8777B55C1AF48EF5008E8481 = {
			isa = PBXGroup;
			children = (
				8777B5671AF48EF5008E8481 /* TP2 - Restaurantes */,
				8777B5661AF48EF5008E8481 /* Products */,
			);
			sourceTree = "<group>";
		};
		8777B5661AF48EF5008E8481 /* Products */ = {
			isa = PBXGroup;
			children = (
				8777B5651AF48EF5008E8481 /* TP2 - Restaurantes */,
			);
			name = Products;
			sourceTree = "<group>";
		};
		8777B5671AF48EF5008E8481 /* TP2 - Restaurantes */ = {
			isa = PBXGroup;
			children = (
				8777B5711AF54C6C008E8481 /* Common */,
				8777B5701AF54C66008E8481 /* Client */,
				8777B56F1AF54C5F008E8481 /* Server */,
			);
			path = "TP2 - Restaurantes";
			sourceTree = "<group>";
		};
		8777B56F1AF54C5F008E8481 /* Server */ = {
			isa = PBXGroup;
			children = (
				8777B5721AF54D55008E8481 /* server_main.cpp */,
				872E26861AF55A3A0020B3D6 /* server_socket.cpp */,
				872E26871AF55A3A0020B3D6 /* server_socket.h */,
				875D4C6C1B022CA100B1FF81 /* server_thread.cpp */,
				875D4C6D1B022CA100B1FF81 /* server_thread.h */,
			);
			name = Server;
			sourceTree = "<group>";
		};
		8777B5701AF54C66008E8481 /* Client */ = {
			isa = PBXGroup;
			children = (
				8777B5741AF54D71008E8481 /* client_main.cpp */,
				872E26B71AF59E910020B3D6 /* client_socket.cpp */,
				872E26B81AF59E910020B3D6 /* client_socket.h */,
			);
			name = Client;
			sourceTree = "<group>";
		};
		8777B5711AF54C6C008E8481 /* Common */ = {
			isa = PBXGroup;
			children = (
				872E26831AF55A1E0020B3D6 /* common_tcp_socket.cpp */,
				872E26841AF55A1E0020B3D6 /* common_tcp_socket.h */,
				875D4C691B01C96800B1FF81 /* common_thread.cpp */,
				875D4C6A1B01C96800B1FF81 /* common_thread.h */,
			);
			name = Common;
			sourceTree = "<group>";
		};
/* End PBXGroup section */

/* Begin PBXNativeTarget section */
		8777B5641AF48EF5008E8481 /* TP2 - Restaurantes */ = {
			isa = PBXNativeTarget;
			buildConfigurationList = 8777B56C1AF48EF5008E8481 /* Build configuration list for PBXNativeTarget "TP2 - Restaurantes" */;
			buildPhases = (
				8777B5611AF48EF5008E8481 /* Sources */,
				8777B5621AF48EF5008E8481 /* Frameworks */,
				8777B5631AF48EF5008E8481 /* CopyFiles */,
			);
			buildRules = (
			);
			dependencies = (
			);
			name = "TP2 - Restaurantes";
			productName = "TP2 - Restaurantes";
			productReference = 8777B5651AF48EF5008E8481 /* TP2 - Restaurantes */;
			productType = "com.apple.product-type.tool";
		};
/* End PBXNativeTarget section */

/* Begin PBXProject section */
		8777B55D1AF48EF5008E8481 /* Project object */ = {
			isa = PBXProject;
			attributes = {
				LastUpgradeCheck = 0620;
				ORGANIZATIONNAME = "Gastón Montes";
				TargetAttributes = {
					8777B5641AF48EF5008E8481 = {
						CreatedOnToolsVersion = 6.2;
					};
				};
			};
			buildConfigurationList = 8777B5601AF48EF5008E8481 /* Build configuration list for PBXProject "TP2 - Restaurantes" */;
			compatibilityVersion = "Xcode 3.2";
			developmentRegion = English;
			hasScannedForEncodings = 0;
			knownRegions = (
				en,
			);
			mainGroup = 8777B55C1AF48EF5008E8481;
			productRefGroup = 8777B5661AF48EF5008E8481 /* Products */;
			projectDirPath = "";
			projectRoot = "";
			targets = (
				8777B5641AF48EF5008E8481 /* TP2 - Restaurantes */,
			);
		};
/* End PBXProject section */

/* Begin PBXSourcesBuildPhase section */
		8777B5611AF48EF5008E8481 /* Sources */ = {
			isa = PBXSourcesBuildPhase;
			buildActionMask = 2147483647;
			files = (
				8777B5751AF54D71008E8481 /* client_main.cpp in Sources */,
				872E26B91AF59E910020B3D6 /* client_socket.cpp in Sources */,
				872E26881AF55A3A0020B3D6 /* server_socket.cpp in Sources */,
				872E26851AF55A1E0020B3D6 /* common_tcp_socket.cpp in Sources */,
				875D4C6E1B022CA100B1FF81 /* server_thread.cpp in Sources */,
				875D4C6B1B01C96800B1FF81 /* common_thread.cpp in Sources */,
				8777B5731AF54D55008E8481 /* server_main.cpp in Sources */,
			);
			runOnlyForDeploymentPostprocessing = 0;
		};
/* End PBXSourcesBuildPhase section */

/* Begin XCBuildConfiguration section */
		8777B56A1AF48EF5008E8481 /* Debug */ = {
			isa = XCBuildConfiguration;
			buildSettings = {
				ALWAYS_SEARCH_USER_PATHS = NO;
				CLANG_CXX_LANGUAGE_STANDARD = "gnu++0x";
				CLANG_CXX_LIBRARY = "libc++";
				CLANG_ENABLE_MODULES = YES;
				CLANG_ENABLE_OBJC_ARC = YES;
				CLANG_WARN_BOOL_CONVERSION = YES;
				CLANG_WARN_CONSTANT_CONVERSION = YES;
				CLANG_WARN_DIRECT_OBJC_ISA_USAGE = YES_ERROR;
				CLANG_WARN_EMPTY_BODY = YES;
				CLANG_WARN_ENUM_CONVERSION = YES;
				CLANG_WARN_INT_CONVERSION = YES;
				CLANG_WARN_OBJC_ROOT_CLASS = YES_ERROR;
				CLANG_WARN_UNREACHABLE_CODE = YES;
				CLANG_WARN__DUPLICATE_METHOD_MATCH = YES;
				COPY_PHASE_STRIP = NO;
				ENABLE_STRICT_OBJC_MSGSEND = YES;
				GCC_C_LANGUAGE_STANDARD = gnu99;
				GCC_DYNAMIC_NO_PIC = NO;
				GCC_OPTIMIZATION_LEVEL = 0;
				GCC_PREPROCESSOR_DEFINITIONS = (
					"DEBUG=1",
					"$(inherited)",
				);
				GCC_SYMBOLS_PRIVATE_EXTERN = NO;
				GCC_WARN_64_TO_32_BIT_CONVERSION = YES;
				GCC_WARN_ABOUT_RETURN_TYPE = YES_ERROR;
				GCC_WARN_UNDECLARED_SELECTOR = YES;
				GCC_WARN_UNINITIALIZED_AUTOS = YES_AGGRESSIVE;
				GCC_WARN_UNUSED_FUNCTION = YES;
				GCC_WARN_UNUSED_VARIABLE = YES;
				MACOSX_DEPLOYMENT_TARGET = 10.10;
				MTL_ENABLE_DEBUG_INFO = YES;
				ONLY_ACTIVE_ARCH = YES;
				SDKROOT = macosx;
			};
			name = Debug;
		};
		8777B56B1AF48EF5008E8481 /* Release */ = {
			isa = XCBuildConfiguration;
			buildSettings = {
				ALWAYS_SEARCH_USER_PATHS = NO;
				CLANG_CXX_LANGUAGE_STANDARD = "gnu++0x";
				CLANG_CXX_LIBRARY = "libc++";
				CLANG_ENABLE_MODULES = YES;
				CLANG_ENABLE_OBJC_ARC = YES;
				CLANG_WARN_BOOL_CONVERSION = YES;
				CLANG_WARN_CONSTANT_CONVERSION = YES;
				CLANG_WARN_DIRECT_OBJC_ISA_USAGE = YES_ERROR;
				CLANG_WARN_EMPTY_BODY = YES;
				CLANG_WARN_ENUM_CONVERSION = YES;
				CLANG_WARN_INT_CONVERSION = YES;
				CLANG_WARN_OBJC_ROOT_CLASS = YES_ERROR;
				CLANG_WARN_UNREACHABLE_CODE = YES;
				CLANG_WARN__DUPLICATE_METHOD_MATCH = YES;
				COPY_PHASE_STRIP = NO;
				DEBUG_INFORMATION_FORMAT = "dwarf-with-dsym";
				ENABLE_NS_ASSERTIONS = NO;
				ENABLE_STRICT_OBJC_MSGSEND = YES;
				GCC_C_LANGUAGE_STANDARD = gnu99;
				GCC_WARN_64_TO_32_BIT_CONVERSION = YES;
				GCC_WARN_ABOUT_RETURN_TYPE = YES_ERROR;
				GCC_WARN_UNDECLARED_SELECTOR = YES;
				GCC_WARN_UNINITIALIZED_AUTOS = YES_AGGRESSIVE;
				GCC_WARN_UNUSED_FUNCTION = YES;
				GCC_WARN_UNUSED_VARIABLE = YES;
				MACOSX_DEPLOYMENT_TARGET = 10.10;
				MTL_ENABLE_DEBUG_INFO = NO;
				SDKROOT = macosx;
			};
			name = Release;
		};
		8777B56D1AF48EF5008E8481 /* Debug */ = {
			isa = XCBuildConfiguration;
			buildSettings = {
				PRODUCT_NAME = "$(TARGET_NAME)";
			};
			name = Debug;
		};
		8777B56E1AF48EF5008E8481 /* Release */ = {
			isa = XCBuildConfiguration;
			buildSettings = {
				PRODUCT_NAME = "$(TARGET_NAME)";
			};
			name = Release;
		};
/* End XCBuildConfiguration section */

/* Begin XCConfigurationList section */
		8777B5601AF48EF5008E8481 /* Build configuration list for PBXProject "TP2 - Restaurantes" */ = {
			isa = XCConfigurationList;
			buildConfigurations = (
				8777B56A1AF48EF5008E8481 /* Debug */,
				8777B56B1AF48EF5008E8481 /* Release */,
			);
			defaultConfigurationIsVisible = 0;
			defaultConfigurationName = Release;
		};
		8777B56C1AF48EF5008E8481 /* Build configuration list for PBXNativeTarget "TP2 - Restaurantes" */ = {
			isa = XCConfigurationList;
			buildConfigurations = (
				8777B56D1AF48EF5008E8481 /* Debug */,
				8777B56E1AF48EF5008E8481 /* Release */,
			);
			defaultConfigurationIsVisible = 0;
			defaultConfigurationName = Release;
		};
/* End XCConfigurationList section */
	};
	rootObject = 8777B55D1AF48EF5008E8481 /* Project object */;
}
